
Microsoft Visual Studio Solution File, Format Version 12.00
# Visual Studio 15
VisualStudioVersion = 15.0.27130.2010
MinimumVisualStudioVersion = 10.0.40219.1
Project("{FAE04EC0-301F-11D3-BF4B-00C04F79EFBC}") = "MotionSensorAForge", "MotionSensorAForge\MotionSensorAForge.csproj", "{B8DDA75D-488B-48FC-9458-B0E0A7CBDC3C}"
EndProject
Global
	GlobalSection(SolutionConfigurationPlatforms) = preSolution
		Debug|Any CPU = Debug|Any CPU
		Release|Any CPU = Release|Any CPU
	EndGlobalSection
	GlobalSection(ProjectConfigurationPlatforms) = postSolution
		{B8DDA75D-488B-48FC-9458-B0E0A7CBDC3C}.Debug|Any CPU.ActiveCfg = Debug|Any CPU
		{B8DDA75D-488B-48FC-9458-B0E0A7CBDC3C}.Debug|Any CPU.Build.0 = Debug|Any CPU
		{B8DDA75D-488B-48FC-9458-B0E0A7CBDC3C}.Release|Any CPU.ActiveCfg = Release|Any CPU
		{B8DDA75D-488B-48FC-9458-B0E0A7CBDC3C}.Release|Any CPU.Build.0 = Release|Any CPU
	EndGlobalSection
	GlobalSection(SolutionProperties) = preSolution
		HideSolutionNode = FALSE
	EndGlobalSection
	GlobalSection(ExtensibilityGlobals) = postSolution
		SolutionGuid = {133B4100-D58F-452B-B315-A49B30ACD1CB}
	EndGlobalSection
EndGlobal
